
Microsoft Visual Studio Solution File, Format Version 12.00
# Visual Studio 2012
Project("{FAE04EC0-301F-11D3-BF4B-00C04F79EFBC}") = "SingleviewTest", "SingleviewTest\SingleviewTest.csproj", "{BE2A0332-18AA-4FDB-910F-4A6BE42A7B65}"
EndProject
Project("{FAE04EC0-301F-11D3-BF4B-00C04F79EFBC}") = "SingleviewTest.UITests", "SingleviewTest.UITests\SingleviewTest.UITests.csproj", "{FD4F5F8E-8F34-4FA1-B586-1375BFC881D3}"
EndProject
Global
	GlobalSection(SolutionConfigurationPlatforms) = preSolution
		Debug|iPhoneSimulator = Debug|iPhoneSimulator
		Release|iPhone = Release|iPhone
		Release|iPhoneSimulator = Release|iPhoneSimulator
		Debug|iPhone = Debug|iPhone
		Debug|Any CPU = Debug|Any CPU
		Release|Any CPU = Release|Any CPU
	EndGlobalSection
	GlobalSection(ProjectConfigurationPlatforms) = postSolution
		{BE2A0332-18AA-4FDB-910F-4A6BE42A7B65}.Debug|Any CPU.ActiveCfg = Debug|iPhoneSimulator
		{BE2A0332-18AA-4FDB-910F-4A6BE42A7B65}.Debug|Any CPU.Build.0 = Debug|iPhoneSimulator
		{BE2A0332-18AA-4FDB-910F-4A6BE42A7B65}.Debug|iPhone.ActiveCfg = Debug|iPhone
		{BE2A0332-18AA-4FDB-910F-4A6BE42A7B65}.Debug|iPhone.Build.0 = Debug|iPhone
		{BE2A0332-18AA-4FDB-910F-4A6BE42A7B65}.Debug|iPhoneSimulator.ActiveCfg = Debug|iPhoneSimulator
		{BE2A0332-18AA-4FDB-910F-4A6BE42A7B65}.Debug|iPhoneSimulator.Build.0 = Debug|iPhoneSimulator
		{BE2A0332-18AA-4FDB-910F-4A6BE42A7B65}.Release|Any CPU.ActiveCfg = Release|iPhone
		{BE2A0332-18AA-4FDB-910F-4A6BE42A7B65}.Release|Any CPU.Build.0 = Release|iPhone
		{BE2A0332-18AA-4FDB-910F-4A6BE42A7B65}.Release|iPhone.ActiveCfg = Release|iPhone
		{BE2A0332-18AA-4FDB-910F-4A6BE42A7B65}.Release|iPhone.Build.0 = Release|iPhone
		{BE2A0332-18AA-4FDB-910F-4A6BE42A7B65}.Release|iPhoneSimulator.ActiveCfg = Release|iPhoneSimulator
		{BE2A0332-18AA-4FDB-910F-4A6BE42A7B65}.Release|iPhoneSimulator.Build.0 = Release|iPhoneSimulator
		{FD4F5F8E-8F34-4FA1-B586-1375BFC881D3}.Debug|Any CPU.ActiveCfg = Debug|Any CPU
		{FD4F5F8E-8F34-4FA1-B586-1375BFC881D3}.Debug|Any CPU.Build.0 = Debug|Any CPU
		{FD4F5F8E-8F34-4FA1-B586-1375BFC881D3}.Debug|iPhone.ActiveCfg = Debug|Any CPU
		{FD4F5F8E-8F34-4FA1-B586-1375BFC881D3}.Debug|iPhone.Build.0 = Debug|Any CPU
		{FD4F5F8E-8F34-4FA1-B586-1375BFC881D3}.Debug|iPhoneSimulator.ActiveCfg = Debug|Any CPU
		{FD4F5F8E-8F34-4FA1-B586-1375BFC881D3}.Debug|iPhoneSimulator.Build.0 = Debug|Any CPU
		{FD4F5F8E-8F34-4FA1-B586-1375BFC881D3}.Release|Any CPU.ActiveCfg = Release|Any CPU
		{FD4F5F8E-8F34-4FA1-B586-1375BFC881D3}.Release|Any CPU.Build.0 = Release|Any CPU
		{FD4F5F8E-8F34-4FA1-B586-1375BFC881D3}.Release|iPhone.ActiveCfg = Release|Any CPU
		{FD4F5F8E-8F34-4FA1-B586-1375BFC881D3}.Release|iPhone.Build.0 = Release|Any CPU
		{FD4F5F8E-8F34-4FA1-B586-1375BFC881D3}.Release|iPhoneSimulator.ActiveCfg = Release|Any CPU
		{FD4F5F8E-8F34-4FA1-B586-1375BFC881D3}.Release|iPhoneSimulator.Build.0 = Release|Any CPU
	EndGlobalSection
EndGlobal
